// !$*UTF8*$!
{
	archiveVersion = 1;
	classes = {
	};
	objectVersion = 50;
	objects = {

/* Begin PBXBuildFile section */
		2838A1CB2183A73D00382DEF /* AppDelegate.swift in Sources */ = {isa = PBXBuildFile; fileRef = 2838A1CA2183A73D00382DEF /* AppDelegate.swift */; };
		2838A1D22183A73D00382DEF /* Main.storyboard in Resources */ = {isa = PBXBuildFile; fileRef = 2838A1D02183A73D00382DEF /* Main.storyboard */; };
		2838A1D42183A73E00382DEF /* Assets.xcassets in Resources */ = {isa = PBXBuildFile; fileRef = 2838A1D32183A73E00382DEF /* Assets.xcassets */; };
		2838A1D72183A73E00382DEF /* LaunchScreen.storyboard in Resources */ = {isa = PBXBuildFile; fileRef = 2838A1D52183A73E00382DEF /* LaunchScreen.storyboard */; };
		2838A1E22183B14600382DEF /* Calanques.swift in Sources */ = {isa = PBXBuildFile; fileRef = 2838A1E12183B14600382DEF /* Calanques.swift */; };
		2838A1E42183B45200382DEF /* CalanqueCollection.swift in Sources */ = {isa = PBXBuildFile; fileRef = 2838A1E32183B45200382DEF /* CalanqueCollection.swift */; };
		284E023E218466E9001F6987 /* ControllerAvecTableView.swift in Sources */ = {isa = PBXBuildFile; fileRef = 284E023D218466E9001F6987 /* ControllerAvecTableView.swift */; };
		284E024021846729001F6987 /* ControllerAvecCarte.swift in Sources */ = {isa = PBXBuildFile; fileRef = 284E023F21846729001F6987 /* ControllerAvecCarte.swift */; };
		284E024221846770001F6987 /* TableViewIntegreeController.swift in Sources */ = {isa = PBXBuildFile; fileRef = 284E024121846770001F6987 /* TableViewIntegreeController.swift */; };
		284E024421849CC8001F6987 /* CalanqueCell.swift in Sources */ = {isa = PBXBuildFile; fileRef = 284E024321849CC8001F6987 /* CalanqueCell.swift */; };
		286D38B92184F54000A94BBF /* imageRonde.swift in Sources */ = {isa = PBXBuildFile; fileRef = 286D38B82184F54000A94BBF /* imageRonde.swift */; };
		288B9C42218F6C44001E1B72 /* DetailController.swift in Sources */ = {isa = PBXBuildFile; fileRef = 288B9C41218F6C44001E1B72 /* DetailController.swift */; };
		28BF96512186101300F13888 /* calanqueCellAlternative.swift in Sources */ = {isa = PBXBuildFile; fileRef = 28BF96502186101300F13888 /* calanqueCellAlternative.swift */; };
/* End PBXBuildFile section */

/* Begin PBXFileReference section */
		2838A1C72183A73D00382DEF /* Les Calanques.app */ = {isa = PBXFileReference; explicitFileType = wrapper.application; includeInIndex = 0; path = "Les Calanques.app"; sourceTree = BUILT_PRODUCTS_DIR; };
		2838A1CA2183A73D00382DEF /* AppDelegate.swift */ = {isa = PBXFileReference; lastKnownFileType = sourcecode.swift; path = AppDelegate.swift; sourceTree = "<group>"; };
		2838A1D12183A73D00382DEF /* Base */ = {isa = PBXFileReference; lastKnownFileType = file.storyboard; name = Base; path = Base.lproj/Main.storyboard; sourceTree = "<group>"; };
		2838A1D32183A73E00382DEF /* Assets.xcassets */ = {isa = PBXFileReference; lastKnownFileType = folder.assetcatalog; path = Assets.xcassets; sourceTree = "<group>"; };
		2838A1D62183A73E00382DEF /* Base */ = {isa = PBXFileReference; lastKnownFileType = file.storyboard; name = Base; path = Base.lproj/LaunchScreen.storyboard; sourceTree = "<group>"; };
		2838A1D82183A73E00382DEF /* Info.plist */ = {isa = PBXFileReference; lastKnownFileType = text.plist.xml; path = Info.plist; sourceTree = "<group>"; };
		2838A1E12183B14600382DEF /* Calanques.swift */ = {isa = PBXFileReference; lastKnownFileType = sourcecode.swift; path = Calanques.swift; sourceTree = "<group>"; };
		2838A1E32183B45200382DEF /* CalanqueCollection.swift */ = {isa = PBXFileReference; lastKnownFileType = sourcecode.swift; path = CalanqueCollection.swift; sourceTree = "<group>"; };
		284E023D218466E9001F6987 /* ControllerAvecTableView.swift */ = {isa = PBXFileReference; lastKnownFileType = sourcecode.swift; path = ControllerAvecTableView.swift; sourceTree = "<group>"; };
		284E023F21846729001F6987 /* ControllerAvecCarte.swift */ = {isa = PBXFileReference; lastKnownFileType = sourcecode.swift; path = ControllerAvecCarte.swift; sourceTree = "<group>"; };
		284E024121846770001F6987 /* TableViewIntegreeController.swift */ = {isa = PBXFileReference; lastKnownFileType = sourcecode.swift; path = TableViewIntegreeController.swift; sourceTree = "<group>"; };
		284E024321849CC8001F6987 /* CalanqueCell.swift */ = {isa = PBXFileReference; lastKnownFileType = sourcecode.swift; path = CalanqueCell.swift; sourceTree = "<group>"; };
		286D38B82184F54000A94BBF /* imageRonde.swift */ = {isa = PBXFileReference; lastKnownFileType = sourcecode.swift; path = imageRonde.swift; sourceTree = "<group>"; };
		288B9C41218F6C44001E1B72 /* DetailController.swift */ = {isa = PBXFileReference; lastKnownFileType = sourcecode.swift; path = DetailController.swift; sourceTree = "<group>"; };
		28BF96502186101300F13888 /* calanqueCellAlternative.swift */ = {isa = PBXFileReference; lastKnownFileType = sourcecode.swift; path = calanqueCellAlternative.swift; sourceTree = "<group>"; };
/* End PBXFileReference section */

/* Begin PBXFrameworksBuildPhase section */
		2838A1C42183A73D00382DEF /* Frameworks */ = {
			isa = PBXFrameworksBuildPhase;
			buildActionMask = 2147483647;
			files = (
			);
			runOnlyForDeploymentPostprocessing = 0;
		};
/* End PBXFrameworksBuildPhase section */

/* Begin PBXGroup section */
		2838A1BE2183A73D00382DEF = {
			isa = PBXGroup;
			children = (
				2838A1C92183A73D00382DEF /* Les Calanques */,
				2838A1C82183A73D00382DEF /* Products */,
			);
			sourceTree = "<group>";
		};
		2838A1C82183A73D00382DEF /* Products */ = {
			isa = PBXGroup;
			children = (
				2838A1C72183A73D00382DEF /* Les Calanques.app */,
			);
			name = Products;
			sourceTree = "<group>";
		};
		2838A1C92183A73D00382DEF /* Les Calanques */ = {
			isa = PBXGroup;
			children = (
				2838A1DE2183AF1F00382DEF /* Modele */,
				2838A1DF2183AF6200382DEF /* Vue */,
				2838A1E02183AF7900382DEF /* Controller */,
				2838A1CA2183A73D00382DEF /* AppDelegate.swift */,
				2838A1D02183A73D00382DEF /* Main.storyboard */,
				2838A1D32183A73E00382DEF /* Assets.xcassets */,
				2838A1D52183A73E00382DEF /* LaunchScreen.storyboard */,
				2838A1D82183A73E00382DEF /* Info.plist */,
			);
			path = "Les Calanques";
			sourceTree = "<group>";
		};
		2838A1DE2183AF1F00382DEF /* Modele */ = {
			isa = PBXGroup;
			children = (
				2838A1E12183B14600382DEF /* Calanques.swift */,
				2838A1E32183B45200382DEF /* CalanqueCollection.swift */,
			);
			path = Modele;
			sourceTree = "<group>";
		};
		2838A1DF2183AF6200382DEF /* Vue */ = {
			isa = PBXGroup;
			children = (
				284E024321849CC8001F6987 /* CalanqueCell.swift */,
				286D38B82184F54000A94BBF /* imageRonde.swift */,
				28BF96502186101300F13888 /* calanqueCellAlternative.swift */,
			);
			path = Vue;
			sourceTree = "<group>";
		};
		2838A1E02183AF7900382DEF /* Controller */ = {
			isa = PBXGroup;
			children = (
				284E023D218466E9001F6987 /* ControllerAvecTableView.swift */,
				284E023F21846729001F6987 /* ControllerAvecCarte.swift */,
				284E024121846770001F6987 /* TableViewIntegreeController.swift */,
				288B9C41218F6C44001E1B72 /* DetailController.swift */,
			);
			path = Controller;
			sourceTree = "<group>";
		};
/* End PBXGroup section */

/* Begin PBXNativeTarget section */
		2838A1C62183A73D00382DEF /* Les Calanques */ = {
			isa = PBXNativeTarget;
			buildConfigurationList = 2838A1DB2183A73E00382DEF /* Build configuration list for PBXNativeTarget "Les Calanques" */;
			buildPhases = (
				2838A1C32183A73D00382DEF /* Sources */,
				2838A1C42183A73D00382DEF /* Frameworks */,
				2838A1C52183A73D00382DEF /* Resources */,
			);
			buildRules = (
			);
			dependencies = (
			);
			name = "Les Calanques";
			productName = "Les Calanques";
			productReference = 2838A1C72183A73D00382DEF /* Les Calanques.app */;
			productType = "com.apple.product-type.application";
		};
/* End PBXNativeTarget section */

/* Begin PBXProject section */
		2838A1BF2183A73D00382DEF /* Project object */ = {
			isa = PBXProject;
			attributes = {
				LastSwiftUpdateCheck = 1000;
				LastUpgradeCheck = 1000;
				ORGANIZATIONNAME = Infolug;
				TargetAttributes = {
					2838A1C62183A73D00382DEF = {
						CreatedOnToolsVersion = 10.0;
					};
				};
			};
			buildConfigurationList = 2838A1C22183A73D00382DEF /* Build configuration list for PBXProject "Les Calanques" */;
			compatibilityVersion = "Xcode 9.3";
			developmentRegion = en;
			hasScannedForEncodings = 0;
			knownRegions = (
				en,
				Base,
			);
			mainGroup = 2838A1BE2183A73D00382DEF;
			productRefGroup = 2838A1C82183A73D00382DEF /* Products */;
			projectDirPath = "";
			projectRoot = "";
			targets = (
				2838A1C62183A73D00382DEF /* Les Calanques */,
			);
		};
/* End PBXProject section */

/* Begin PBXResourcesBuildPhase section */
		2838A1C52183A73D00382DEF /* Resources */ = {
			isa = PBXResourcesBuildPhase;
			buildActionMask = 2147483647;
			files = (
				2838A1D72183A73E00382DEF /* LaunchScreen.storyboard in Resources */,
				2838A1D42183A73E00382DEF /* Assets.xcassets in Resources */,
				2838A1D22183A73D00382DEF /* Main.storyboard in Resources */,
			);
			runOnlyForDeploymentPostprocessing = 0;
		};
/* End PBXResourcesBuildPhase section */

/* Begin PBXSourcesBuildPhase section */
		2838A1C32183A73D00382DEF /* Sources */ = {
			isa = PBXSourcesBuildPhase;
			buildActionMask = 2147483647;
			files = (
				284E024221846770001F6987 /* TableViewIntegreeController.swift in Sources */,
				28BF96512186101300F13888 /* calanqueCellAlternative.swift in Sources */,
				2838A1CB2183A73D00382DEF /* AppDelegate.swift in Sources */,
				284E024421849CC8001F6987 /* CalanqueCell.swift in Sources */,
				2838A1E42183B45200382DEF /* CalanqueCollection.swift in Sources */,
				284E024021846729001F6987 /* ControllerAvecCarte.swift in Sources */,
				284E023E218466E9001F6987 /* ControllerAvecTableView.swift in Sources */,
				286D38B92184F54000A94BBF /* imageRonde.swift in Sources */,
				288B9C42218F6C44001E1B72 /* DetailController.swift in Sources */,
				2838A1E22183B14600382DEF /* Calanques.swift in Sources */,
			);
			runOnlyForDeploymentPostprocessing = 0;
		};
/* End PBXSourcesBuildPhase section */

/* Begin PBXVariantGroup section */
		2838A1D02183A73D00382DEF /* Main.storyboard */ = {
			isa = PBXVariantGroup;
			children = (
				2838A1D12183A73D00382DEF /* Base */,
			);
			name = Main.storyboard;
			sourceTree = "<group>";
		};
		2838A1D52183A73E00382DEF /* LaunchScreen.storyboard */ = {
			isa = PBXVariantGroup;
			children = (
				2838A1D62183A73E00382DEF /* Base */,
			);
			name = LaunchScreen.storyboard;
			sourceTree = "<group>";
		};
/* End PBXVariantGroup section */

/* Begin XCBuildConfiguration section */
		2838A1D92183A73E00382DEF /* Debug */ = {
			isa = XCBuildConfiguration;
			buildSettings = {
				ALWAYS_SEARCH_USER_PATHS = NO;
				CLANG_ANALYZER_NONNULL = YES;
				CLANG_ANALYZER_NUMBER_OBJECT_CONVERSION = YES_AGGRESSIVE;
				CLANG_CXX_LANGUAGE_STANDARD = "gnu++14";
				CLANG_CXX_LIBRARY = "libc++";
				CLANG_ENABLE_MODULES = YES;
				CLANG_ENABLE_OBJC_ARC = YES;
				CLANG_ENABLE_OBJC_WEAK = YES;
				CLANG_WARN_BLOCK_CAPTURE_AUTORELEASING = YES;
				CLANG_WARN_BOOL_CONVERSION = YES;
				CLANG_WARN_COMMA = YES;
				CLANG_WARN_CONSTANT_CONVERSION = YES;
				CLANG_WARN_DEPRECATED_OBJC_IMPLEMENTATIONS = YES;
				CLANG_WARN_DIRECT_OBJC_ISA_USAGE = YES_ERROR;
				CLANG_WARN_DOCUMENTATION_COMMENTS = YES;
				CLANG_WARN_EMPTY_BODY = YES;
				CLANG_WARN_ENUM_CONVERSION = YES;
				CLANG_WARN_INFINITE_RECURSION = YES;
				CLANG_WARN_INT_CONVERSION = YES;
				CLANG_WARN_NON_LITERAL_NULL_CONVERSION = YES;
				CLANG_WARN_OBJC_IMPLICIT_RETAIN_SELF = YES;
				CLANG_WARN_OBJC_LITERAL_CONVERSION = YES;
				CLANG_WARN_OBJC_ROOT_CLASS = YES_ERROR;
				CLANG_WARN_RANGE_LOOP_ANALYSIS = YES;
				CLANG_WARN_STRICT_PROTOTYPES = YES;
				CLANG_WARN_SUSPICIOUS_MOVE = YES;
				CLANG_WARN_UNGUARDED_AVAILABILITY = YES_AGGRESSIVE;
				CLANG_WARN_UNREACHABLE_CODE = YES;
				CLANG_WARN__DUPLICATE_METHOD_MATCH = YES;
				CODE_SIGN_IDENTITY = "iPhone Developer";
				COPY_PHASE_STRIP = NO;
				DEBUG_INFORMATION_FORMAT = dwarf;
				ENABLE_STRICT_OBJC_MSGSEND = YES;
				ENABLE_TESTABILITY = YES;
				GCC_C_LANGUAGE_STANDARD = gnu11;
				GCC_DYNAMIC_NO_PIC = NO;
				GCC_NO_COMMON_BLOCKS = YES;
				GCC_OPTIMIZATION_LEVEL = 0;
				GCC_PREPROCESSOR_DEFINITIONS = (
					"DEBUG=1",
					"$(inherited)",
				);
				GCC_WARN_64_TO_32_BIT_CONVERSION = YES;
				GCC_WARN_ABOUT_RETURN_TYPE = YES_ERROR;
				GCC_WARN_UNDECLARED_SELECTOR = YES;
				GCC_WARN_UNINITIALIZED_AUTOS = YES_AGGRESSIVE;
				GCC_WARN_UNUSED_FUNCTION = YES;
				GCC_WARN_UNUSED_VARIABLE = YES;
				IPHONEOS_DEPLOYMENT_TARGET = 12.0;
				MTL_ENABLE_DEBUG_INFO = INCLUDE_SOURCE;
				MTL_FAST_MATH = YES;
				ONLY_ACTIVE_ARCH = YES;
				SDKROOT = iphoneos;
				SWIFT_ACTIVE_COMPILATION_CONDITIONS = DEBUG;
				SWIFT_OPTIMIZATION_LEVEL = "-Onone";
			};
			name = Debug;
		};
		2838A1DA2183A73E00382DEF /* Release */ = {
			isa = XCBuildConfiguration;
			buildSettings = {
				ALWAYS_SEARCH_USER_PATHS = NO;
				CLANG_ANALYZER_NONNULL = YES;
				CLANG_ANALYZER_NUMBER_OBJECT_CONVERSION = YES_AGGRESSIVE;
				CLANG_CXX_LANGUAGE_STANDARD = "gnu++14";
				CLANG_CXX_LIBRARY = "libc++";
				CLANG_ENABLE_MODULES = YES;
				CLANG_ENABLE_OBJC_ARC = YES;
				CLANG_ENABLE_OBJC_WEAK = YES;
				CLANG_WARN_BLOCK_CAPTURE_AUTORELEASING = YES;
				CLANG_WARN_BOOL_CONVERSION = YES;
				CLANG_WARN_COMMA = YES;
				CLANG_WARN_CONSTANT_CONVERSION = YES;
				CLANG_WARN_DEPRECATED_OBJC_IMPLEMENTATIONS = YES;
				CLANG_WARN_DIRECT_OBJC_ISA_USAGE = YES_ERROR;
				CLANG_WARN_DOCUMENTATION_COMMENTS = YES;
				CLANG_WARN_EMPTY_BODY = YES;
				CLANG_WARN_ENUM_CONVERSION = YES;
				CLANG_WARN_INFINITE_RECURSION = YES;
				CLANG_WARN_INT_CONVERSION = YES;
				CLANG_WARN_NON_LITERAL_NULL_CONVERSION = YES;
				CLANG_WARN_OBJC_IMPLICIT_RETAIN_SELF = YES;
				CLANG_WARN_OBJC_LITERAL_CONVERSION = YES;
				CLANG_WARN_OBJC_ROOT_CLASS = YES_ERROR;
				CLANG_WARN_RANGE_LOOP_ANALYSIS = YES;
				CLANG_WARN_STRICT_PROTOTYPES = YES;
				CLANG_WARN_SUSPICIOUS_MOVE = YES;
				CLANG_WARN_UNGUARDED_AVAILABILITY = YES_AGGRESSIVE;
				CLANG_WARN_UNREACHABLE_CODE = YES;
				CLANG_WARN__DUPLICATE_METHOD_MATCH = YES;
				CODE_SIGN_IDENTITY = "iPhone Developer";
				COPY_PHASE_STRIP = NO;
				DEBUG_INFORMATION_FORMAT = "dwarf-with-dsym";
				ENABLE_NS_ASSERTIONS = NO;
				ENABLE_STRICT_OBJC_MSGSEND = YES;
				GCC_C_LANGUAGE_STANDARD = gnu11;
				GCC_NO_COMMON_BLOCKS = YES;
				GCC_WARN_64_TO_32_BIT_CONVERSION = YES;
				GCC_WARN_ABOUT_RETURN_TYPE = YES_ERROR;
				GCC_WARN_UNDECLARED_SELECTOR = YES;
				GCC_WARN_UNINITIALIZED_AUTOS = YES_AGGRESSIVE;
				GCC_WARN_UNUSED_FUNCTION = YES;
				GCC_WARN_UNUSED_VARIABLE = YES;
				IPHONEOS_DEPLOYMENT_TARGET = 12.0;
				MTL_ENABLE_DEBUG_INFO = NO;
				MTL_FAST_MATH = YES;
				SDKROOT = iphoneos;
				SWIFT_COMPILATION_MODE = wholemodule;
				SWIFT_OPTIMIZATION_LEVEL = "-O";
				VALIDATE_PRODUCT = YES;
			};
			name = Release;
		};
		2838A1DC2183A73E00382DEF /* Debug */ = {
			isa = XCBuildConfiguration;
			buildSettings = {
				ASSETCATALOG_COMPILER_APPICON_NAME = AppIcon;
				CODE_SIGN_STYLE = Automatic;
				DEVELOPMENT_TEAM = 3Y6T2CFAZ5;
				INFOPLIST_FILE = "Les Calanques/Info.plist";
				LD_RUNPATH_SEARCH_PATHS = (
					"$(inherited)",
					"@executable_path/Frameworks",
				);
				PRODUCT_BUNDLE_IDENTIFIER = "com.infolug.Les-Calanques";
				PRODUCT_NAME = "$(TARGET_NAME)";
				SWIFT_VERSION = 4.2;
				TARGETED_DEVICE_FAMILY = "1,2";
			};
			name = Debug;
		};
		2838A1DD2183A73E00382DEF /* Release */ = {
			isa = XCBuildConfiguration;
			buildSettings = {
				ASSETCATALOG_COMPILER_APPICON_NAME = AppIcon;
				CODE_SIGN_STYLE = Automatic;
				DEVELOPMENT_TEAM = 3Y6T2CFAZ5;
				INFOPLIST_FILE = "Les Calanques/Info.plist";
				LD_RUNPATH_SEARCH_PATHS = (
					"$(inherited)",
					"@executable_path/Frameworks",
				);
				PRODUCT_BUNDLE_IDENTIFIER = "com.infolug.Les-Calanques";
				PRODUCT_NAME = "$(TARGET_NAME)";
				SWIFT_VERSION = 4.2;
				TARGETED_DEVICE_FAMILY = "1,2";
			};
			name = Release;
		};
/* End XCBuildConfiguration section */

/* Begin XCConfigurationList section */
		2838A1C22183A73D00382DEF /* Build configuration list for PBXProject "Les Calanques" */ = {
			isa = XCConfigurationList;
			buildConfigurations = (
				2838A1D92183A73E00382DEF /* Debug */,
				2838A1DA2183A73E00382DEF /* Release */,
			);
			defaultConfigurationIsVisible = 0;
			defaultConfigurationName = Release;
		};
		2838A1DB2183A73E00382DEF /* Build configuration list for PBXNativeTarget "Les Calanques" */ = {
			isa = XCConfigurationList;
			buildConfigurations = (
				2838A1DC2183A73E00382DEF /* Debug */,
				2838A1DD2183A73E00382DEF /* Release */,
			);
			defaultConfigurationIsVisible = 0;
			defaultConfigurationName = Release;
		};
/* End XCConfigurationList section */
	};
	rootObject = 2838A1BF2183A73D00382DEF /* Project object */;
}
